
Microsoft Visual Studio Solution File, Format Version 12.00
# Visual Studio Version 17
VisualStudioVersion = 17.0.31903.59
MinimumVisualStudioVersion = 10.0.40219.1
Project("{9A19103F-16F7-4668-BE54-9A1E7A4F7556}") = "Peaks", "Peaks\Peaks.csproj", "{980DD8CD-ED8E-49D2-9D10-65E52368E81F}"
EndProject
Project("{9A19103F-16F7-4668-BE54-9A1E7A4F7556}") = "PeaksTest", "PeaksTest\PeaksTest.csproj", "{0FE4D7E9-C824-43F5-856A-A73DB6081E25}"
EndProject
Project("{2150E333-8FDC-42A3-9474-1A3956D46DE8}") = "Solution Items", "Solution Items", "{A2A290C6-9ACA-4F13-9031-BF7098A5A96F}"
	ProjectSection(SolutionItems) = preProject
		.editorconfig = .editorconfig
		README.md = README.md
	EndProjectSection
EndProject
Global
	GlobalSection(SolutionConfigurationPlatforms) = preSolution
		Debug|Any CPU = Debug|Any CPU
		Release|Any CPU = Release|Any CPU
	EndGlobalSection
	GlobalSection(ProjectConfigurationPlatforms) = postSolution
		{980DD8CD-ED8E-49D2-9D10-65E52368E81F}.Debug|Any CPU.ActiveCfg = Debug|Any CPU
		{980DD8CD-ED8E-49D2-9D10-65E52368E81F}.Debug|Any CPU.Build.0 = Debug|Any CPU
		{980DD8CD-ED8E-49D2-9D10-65E52368E81F}.Release|Any CPU.ActiveCfg = Release|Any CPU
		{980DD8CD-ED8E-49D2-9D10-65E52368E81F}.Release|Any CPU.Build.0 = Release|Any CPU
		{0FE4D7E9-C824-43F5-856A-A73DB6081E25}.Debug|Any CPU.ActiveCfg = Debug|Any CPU
		{0FE4D7E9-C824-43F5-856A-A73DB6081E25}.Debug|Any CPU.Build.0 = Debug|Any CPU
		{0FE4D7E9-C824-43F5-856A-A73DB6081E25}.Release|Any CPU.ActiveCfg = Release|Any CPU
		{0FE4D7E9-C824-43F5-856A-A73DB6081E25}.Release|Any CPU.Build.0 = Release|Any CPU
	EndGlobalSection
	GlobalSection(SolutionProperties) = preSolution
		HideSolutionNode = FALSE
	EndGlobalSection
	GlobalSection(ExtensibilityGlobals) = postSolution
		SolutionGuid = {6466B329-99D9-4B09-B388-A430D19E46EC}
	EndGlobalSection
EndGlobal
